PODS:
  - AWSCore (2.3.6)
  - AWSIoT (2.3.6):
    - AWSCore (= 2.3.6)
  - SwiftyJSON (2.3.2)

DEPENDENCIES:
  - AWSIoT (~> 2.3.2)
  - SwiftyJSON

SPEC CHECKSUMS:
  AWSCore: 917d84b32974136194a905b98c0ae25c9f3350b8
  AWSIoT: 2729aa56277a29575655fc5c150abd255fdf06c6
  SwiftyJSON: 04ccea08915aa0109039157c7974cf0298da292a

COCOAPODS: 0.39.0
